{
  "nodes": {
    "nixpkgs": {
      "locked": {
        "lastModified": 1656590927,
        "narHash": "sha256-SMQgHdppiuIo83bHg1wptX+2xo3O/eE1MWddv2cwahs=",
        "ref": "master",
        "rev": "60b35a57f898970ece2429f7047d9c2b7a43614d",
        "shallow": true,
        "type": "git",
        "url": "file:///home/sahiti/work/nixpkgs"
      },
      "original": {
        "shallow": true,
        "type": "git",
        "url": "file:///home/sahiti/work/nixpkgs"
      }
    },
    "root": {
      "inputs": {
        "nixpkgs": "nixpkgs",
        "utils": "utils"
      }
    },
    "utils": {
      "locked": {
        "lastModified": 1656065134,
        "narHash": "sha256-oc6E6ByIw3oJaIyc67maaFcnjYOz1mMcOtHxbEf9NwQ=",
        "owner": "numtide",
        "repo": "flake-utils",
        "rev": "bee6a7250dd1b01844a2de7e02e4df7d8a0a206c",
        "type": "github"
      },
      "original": {
        "owner": "numtide",
        "repo": "flake-utils",
        "type": "github"
      }
    }
  },
  "root": "root",
  "version": 7
}
