{
  "nodes": {
    "nixpkgs": {
      "locked": {
        "lastModified": 1656590927,
        "narHash": "sha256-nWNQPdZ4IvelzP0FDOWrwjExqWpM5iEgaMT/frKWd2M=",
        "shallow": true,
        "type": "git",
        "url": "file:///home/sahiti/work/nixpkgs"
      },
      "original": {
        "shallow": true,
        "type": "git",
        "url": "file:///home/sahiti/work/nixpkgs"
      }
    },
    "root": {
      "inputs": {
        "nixpkgs": "nixpkgs",
        "utils": "utils"
      }
    },
    "utils": {
      "locked": {
        "lastModified": 1656928814,
        "narHash": "sha256-RIFfgBuKz6Hp89yRr7+NR5tzIAbn52h8vT6vXkYjZoM=",
        "owner": "numtide",
        "repo": "flake-utils",
        "rev": "7e2a3b3dfd9af950a856d66b0a7d01e3c18aa249",
        "type": "github"
      },
      "original": {
        "owner": "numtide",
        "repo": "flake-utils",
        "type": "github"
      }
    }
  },
  "root": "root",
  "version": 7
}
